
Microsoft Visual Studio Solution File, Format Version 12.00
# Visual Studio Version 16
VisualStudioVersion = 16.0.30907.101
MinimumVisualStudioVersion = 10.0.40219.1
Project("{9A19103F-16F7-4668-BE54-9A1E7A4F7556}") = "FileDirectory", "FileDirectory\FileDirectory.csproj", "{F4BDBE61-FBB4-418A-8C0A-94C52E43CAB1}"
EndProject
Global
	GlobalSection(SolutionConfigurationPlatforms) = preSolution
		Debug|Any CPU = Debug|Any CPU
		Release|Any CPU = Release|Any CPU
	EndGlobalSection
	GlobalSection(ProjectConfigurationPlatforms) = postSolution
		{F4BDBE61-FBB4-418A-8C0A-94C52E43CAB1}.Debug|Any CPU.ActiveCfg = Debug|Any CPU
		{F4BDBE61-FBB4-418A-8C0A-94C52E43CAB1}.Debug|Any CPU.Build.0 = Debug|Any CPU
		{F4BDBE61-FBB4-418A-8C0A-94C52E43CAB1}.Release|Any CPU.ActiveCfg = Release|Any CPU
		{F4BDBE61-FBB4-418A-8C0A-94C52E43CAB1}.Release|Any CPU.Build.0 = Release|Any CPU
	EndGlobalSection
	GlobalSection(SolutionProperties) = preSolution
		HideSolutionNode = FALSE
	EndGlobalSection
	GlobalSection(ExtensibilityGlobals) = postSolution
		SolutionGuid = {5E15020E-8A18-4C6D-9FE8-926699ECB94E}
	EndGlobalSection
EndGlobal
